PODS:
  - MGJRouter (0.9.3)
  - SNSpec/MGJRouter_Nav (1.0)
  - SNSpec/SNDetialPage (1.0):
    - SNSpec/MGJRouter_Nav
  - SNSpec/SNOrderPage (1.0):
    - SNSpec/MGJRouter_Nav

DEPENDENCIES:
  - MGJRouter (~> 0.9.3)
  - SNSpec/MGJRouter_Nav (from `../`)
  - SNSpec/SNDetialPage (from `../`)
  - SNSpec/SNOrderPage (from `../`)

SPEC REPOS:
  https://github.com/CocoaPods/Specs.git:
    - MGJRouter

EXTERNAL SOURCES:
  SNSpec:
    :path: "../"

SPEC CHECKSUMS:
  MGJRouter: f65821e2aeffc8f9e84b254c8f1c0dd80f048aa9
  SNSpec: 7e2339d4f8b091d1b9d0e3fc7d9bceb31f226308

PODFILE CHECKSUM: 548d34871411cd1ff9828bc746180e04dc4b7c81

COCOAPODS: 1.5.0
