PODS:
  - MGJRouter (0.9.3)
  - SNSpec/SNDetialPage (1.0):
    - MGJRouter (~> 0.9.3)
  - SNSpec/SNOrderPage (1.0):
    - MGJRouter (~> 0.9.3)

DEPENDENCIES:
  - MGJRouter (~> 0.9.3)
  - SNSpec/SNDetialPage (from `../`)
  - SNSpec/SNOrderPage (from `../`)

SPEC REPOS:
  https://github.com/CocoaPods/Specs.git:
    - MGJRouter

EXTERNAL SOURCES:
  SNSpec:
    :path: "../"

SPEC CHECKSUMS:
  MGJRouter: f65821e2aeffc8f9e84b254c8f1c0dd80f048aa9
  SNSpec: 41646a1b2c5815231f210938bb315c178ca8b9c6

PODFILE CHECKSUM: d1f6ea20a4d35c6485cdf9d574c8dc06ec9d5969

COCOAPODS: 1.5.0
